{
  "version": 4,
  "terraform_version": "1.14.6",
  "serial": 32,
  "lineage": "e4596a89-9439-7d93-99b6-5794063bab66",
  "outputs": {
    "rds_endpoint": {
      "value": null,
      "type": "string"
    }
  },
  "resources": [
    {
      "mode": "data",
      "type": "aws_ami",
      "name": "amzn-linux-2023-ami",
      "provider": "provider[\"registry.terraform.io/hashicorp/aws\"]",
      "instances": [
        {
          "schema_version": 0,
          "attributes": {
            "allow_unsafe_filter": null,
            "architecture": "x86_64",
            "arn": "arn:aws:ec2:us-east-1::image/ami-0f3caa1cf4417e51b",
            "block_device_mappings": [
              {
                "device_name": "/dev/xvda",
                "ebs": {
                  "delete_on_termination": "true",
                  "encrypted": "false",
                  "iops": "3000",
                  "snapshot_id": "snap-0c00a6b86a3988746",
                  "throughput": "125",
                  "volume_initialization_rate": "0",
                  "volume_size": "8",
                  "volume_type": "gp3"
                },
                "no_device": "",
                "virtual_name": ""
              }
            ],
            "boot_mode": "uefi-preferred",
            "creation_date": "2026-02-16T19:58:56.000Z",
            "deprecation_time": "2026-05-17T20:04:00.000Z",
            "description": "Amazon Linux 2023 AMI 2023.10.20260216.1 x86_64 HVM kernel-6.1",
            "ena_support": true,
            "executable_users": null,
            "filter": [
              {
                "name": "name",
                "values": [
                  "al2023-ami-2023.*-x86_64"
                ]
              }
            ],
            "hypervisor": "xen",
            "id": "ami-0f3caa1cf4417e51b",
            "image_id": "ami-0f3caa1cf4417e51b",
            "image_location": "amazon/al2023-ami-2023.10.20260216.1-kernel-6.1-x86_64",
            "image_owner_alias": "amazon",
            "image_type": "machine",
            "imds_support": "v2.0",
            "include_deprecated": false,
            "kernel_id": "",
            "last_launched_time": "",
            "most_recent": true,
            "name": "al2023-ami-2023.10.20260216.1-kernel-6.1-x86_64",
            "name_regex": null,
            "owner_id": "137112412989",
            "owners": [
              "amazon"
            ],
            "platform": "",
            "platform_details": "Linux/UNIX",
            "product_codes": [],
            "public": true,
            "ramdisk_id": "",
            "region": "us-east-1",
            "root_device_name": "/dev/xvda",
            "root_device_type": "ebs",
            "root_snapshot_id": "snap-0c00a6b86a3988746",
            "sriov_net_support": "simple",
            "state": "available",
            "state_reason": {
              "code": "UNSET",
              "message": "UNSET"
            },
            "tags": {},
            "timeouts": null,
            "tpm_support": "",
            "uefi_data": null,
            "usage_operation": "RunInstances",
            "virtualization_type": "hvm"
          },
          "sensitive_attributes": [],
          "identity_schema_version": 0
        }
      ]
    },
    {
      "mode": "data",
      "type": "aws_ssm_parameter",
      "name": "db_password",
      "provider": "provider[\"registry.terraform.io/hashicorp/aws\"]",
      "instances": [
        {
          "schema_version": 0,
          "attributes": {
            "arn": "arn:aws:ssm:us-east-1:348342705419:parameter/wordpress/db_password",
            "id": "/wordpress/db_password",
            "insecure_value": "",
            "name": "/wordpress/db_password",
            "region": "us-east-1",
            "type": "SecureString",
            "value": "Wp@12345",
            "version": 1,
            "with_decryption": true
          },
          "sensitive_attributes": [
            [
              {
                "type": "get_attr",
                "value": "value"
              }
            ]
          ],
          "identity_schema_version": 0
        }
      ]
    },
    {
      "mode": "managed",
      "type": "aws_db_subnet_group",
      "name": "dba_subnet_group",
      "provider": "provider[\"registry.terraform.io/hashicorp/aws\"]",
      "instances": [
        {
          "schema_version": 0,
          "attributes": {
            "arn": "arn:aws:rds:us-east-1:348342705419:subgrp:dba-subnet-group",
            "description": "Managed by Terraform",
            "id": "dba-subnet-group",
            "name": "dba-subnet-group",
            "name_prefix": "",
            "region": "us-east-1",
            "subnet_ids": [
              "subnet-0091602e5b14b1edf",
              "subnet-0d1e4e2b454791962",
              "subnet-0e76142ed9f322ef7"
            ],
            "supported_network_types": [
              "IPV4"
            ],
            "tags": {
              "Name": "dba-subnet-group"
            },
            "tags_all": {
              "Name": "dba-subnet-group"
            },
            "vpc_id": "vpc-0dbb3cfdfca94cb1d"
          },
          "sensitive_attributes": [],
          "identity_schema_version": 0,
          "private": "bnVsbA==",
          "dependencies": [
            "aws_subnet.wordpressrede_d",
            "aws_subnet.wordpressrede_e",
            "aws_subnet.wordpressrede_f",
            "aws_vpc.srewordpressturbinado_publica"
          ]
        }
      ]
    },
    {
      "mode": "managed",
      "type": "aws_egress_only_internet_gateway",
      "name": "wordpressturbinado",
      "provider": "provider[\"registry.terraform.io/hashicorp/aws\"]",
      "instances": [
        {
          "schema_version": 0,
          "attributes": {
            "id": "eigw-055fa0882769e9fc8",
            "region": "us-east-1",
            "tags": {
              "Name": "egress-wordpressturbinado"
            },
            "tags_all": {
              "Name": "egress-wordpressturbinado"
            },
            "vpc_id": "vpc-0fcfeefda10ee0977"
          },
          "sensitive_attributes": [],
          "identity_schema_version": 0,
          "private": "bnVsbA==",
          "dependencies": [
            "aws_vpc.srewordpressturbinado_publica"
          ]
        }
      ]
    },
    {
      "mode": "managed",
      "type": "aws_instance",
      "name": "wordpress_a",
      "provider": "provider[\"registry.terraform.io/hashicorp/aws\"]",
      "instances": [
        {
          "schema_version": 2,
          "attributes": {
            "ami": "ami-0f3caa1cf4417e51b",
            "arn": "arn:aws:ec2:us-east-1:348342705419:instance/i-03e3eb69750168edb",
            "associate_public_ip_address": true,
            "availability_zone": "us-east-1a",
            "capacity_reservation_specification": [
              {
                "capacity_reservation_preference": "open",
                "capacity_reservation_target": []
              }
            ],
            "cpu_options": [
              {
                "amd_sev_snp": "",
                "core_count": 1,
                "nested_virtualization": "",
                "threads_per_core": 2
              }
            ],
            "credit_specification": [
              {
                "cpu_credits": "unlimited"
              }
            ],
            "disable_api_stop": false,
            "disable_api_termination": false,
            "ebs_block_device": [],
            "ebs_optimized": false,
            "enable_primary_ipv6": null,
            "enclave_options": [
              {
                "enabled": false
              }
            ],
            "ephemeral_block_device": [],
            "force_destroy": false,
            "get_password_data": false,
            "hibernation": false,
            "host_id": "",
            "host_resource_group_arn": null,
            "iam_instance_profile": "",
            "id": "i-03e3eb69750168edb",
            "instance_initiated_shutdown_behavior": "stop",
            "instance_lifecycle": "",
            "instance_market_options": [],
            "instance_state": "running",
            "instance_type": "t3.large",
            "ipv6_address_count": 0,
            "ipv6_addresses": [],
            "key_name": "my-ed25519-key",
            "launch_template": [],
            "maintenance_options": [
              {
                "auto_recovery": "default"
              }
            ],
            "metadata_options": [
              {
                "http_endpoint": "enabled",
                "http_protocol_ipv6": "disabled",
                "http_put_response_hop_limit": 2,
                "http_tokens": "required",
                "instance_metadata_tags": "disabled"
              }
            ],
            "monitoring": false,
            "network_interface": [],
            "outpost_arn": "",
            "password_data": "",
            "placement_group": "",
            "placement_group_id": "",
            "placement_partition_number": 0,
            "primary_network_interface": [
              {
                "delete_on_termination": true,
                "network_interface_id": "eni-0e1efeac9a0c7850e"
              }
            ],
            "primary_network_interface_id": "eni-0e1efeac9a0c7850e",
            "private_dns": "ip-172-16-1-143.ec2.internal",
            "private_dns_name_options": [
              {
                "enable_resource_name_dns_a_record": false,
                "enable_resource_name_dns_aaaa_record": false,
                "hostname_type": "ip-name"
              }
            ],
            "private_ip": "172.16.1.143",
            "public_dns": "",
            "public_ip": "3.238.20.164",
            "region": "us-east-1",
            "root_block_device": [
              {
                "delete_on_termination": true,
                "device_name": "/dev/xvda",
                "encrypted": false,
                "iops": 3000,
                "kms_key_id": "",
                "tags": {},
                "tags_all": {},
                "throughput": 125,
                "volume_id": "vol-0c8b5ffc78cfdc308",
                "volume_size": 8,
                "volume_type": "gp3"
              }
            ],
            "secondary_network_interface": [],
            "secondary_private_ips": [],
            "security_groups": [],
            "source_dest_check": true,
            "spot_instance_request_id": "",
            "subnet_id": "subnet-0d881abce6a498f39",
            "tags": {
              "Name": "wordpress_a"
            },
            "tags_all": {
              "Name": "wordpress_a"
            },
            "tenancy": "default",
            "timeouts": null,
            "user_data": null,
            "user_data_base64": null,
            "user_data_replace_on_change": false,
            "volume_tags": null,
            "vpc_security_group_ids": [
              "sg-050cb6fd07e50fe0c"
            ]
          },
          "sensitive_attributes": [],
          "identity_schema_version": 0,
          "identity": {
            "account_id": "348342705419",
            "id": "i-03e3eb69750168edb",
            "region": "us-east-1"
          },
          "private": "eyJlMmJmYjczMC1lY2FhLTExZTYtOGY4OC0zNDM2M2JjN2M0YzAiOnsiY3JlYXRlIjo2MDAwMDAwMDAwMDAsImRlbGV0ZSI6MTIwMDAwMDAwMDAwMCwicmVhZCI6OTAwMDAwMDAwMDAwLCJ1cGRhdGUiOjYwMDAwMDAwMDAwMH0sInNjaGVtYV92ZXJzaW9uIjoiMiJ9",
          "dependencies": [
            "aws_security_group.sc-ec2-wordpress",
            "aws_subnet.wordpressrede_a",
            "aws_vpc.srewordpressturbinado_publica",
            "data.aws_ami.amzn-linux-2023-ami"
          ]
        }
      ]
    },
    {
      "mode": "managed",
      "type": "aws_instance",
      "name": "wordpress_b",
      "provider": "provider[\"registry.terraform.io/hashicorp/aws\"]",
      "instances": [
        {
          "schema_version": 2,
          "attributes": {
            "ami": "ami-0f3caa1cf4417e51b",
            "arn": "arn:aws:ec2:us-east-1:348342705419:instance/i-0b25a8166106eaafb",
            "associate_public_ip_address": true,
            "availability_zone": "us-east-1b",
            "capacity_reservation_specification": [
              {
                "capacity_reservation_preference": "open",
                "capacity_reservation_target": []
              }
            ],
            "cpu_options": [
              {
                "amd_sev_snp": "",
                "core_count": 1,
                "nested_virtualization": "",
                "threads_per_core": 2
              }
            ],
            "credit_specification": [
              {
                "cpu_credits": "unlimited"
              }
            ],
            "disable_api_stop": false,
            "disable_api_termination": false,
            "ebs_block_device": [],
            "ebs_optimized": false,
            "enable_primary_ipv6": null,
            "enclave_options": [
              {
                "enabled": false
              }
            ],
            "ephemeral_block_device": [],
            "force_destroy": false,
            "get_password_data": false,
            "hibernation": false,
            "host_id": "",
            "host_resource_group_arn": null,
            "iam_instance_profile": "",
            "id": "i-0b25a8166106eaafb",
            "instance_initiated_shutdown_behavior": "stop",
            "instance_lifecycle": "",
            "instance_market_options": [],
            "instance_state": "running",
            "instance_type": "t3.large",
            "ipv6_address_count": 0,
            "ipv6_addresses": [],
            "key_name": "my-ed25519-key",
            "launch_template": [],
            "maintenance_options": [
              {
                "auto_recovery": "default"
              }
            ],
            "metadata_options": [
              {
                "http_endpoint": "enabled",
                "http_protocol_ipv6": "disabled",
                "http_put_response_hop_limit": 2,
                "http_tokens": "required",
                "instance_metadata_tags": "disabled"
              }
            ],
            "monitoring": false,
            "network_interface": [],
            "outpost_arn": "",
            "password_data": "",
            "placement_group": "",
            "placement_group_id": "",
            "placement_partition_number": 0,
            "primary_network_interface": [
              {
                "delete_on_termination": true,
                "network_interface_id": "eni-08bf4a4f2645f8a67"
              }
            ],
            "primary_network_interface_id": "eni-08bf4a4f2645f8a67",
            "private_dns": "ip-172-16-2-145.ec2.internal",
            "private_dns_name_options": [
              {
                "enable_resource_name_dns_a_record": false,
                "enable_resource_name_dns_aaaa_record": false,
                "hostname_type": "ip-name"
              }
            ],
            "private_ip": "172.16.2.145",
            "public_dns": "",
            "public_ip": "32.192.63.4",
            "region": "us-east-1",
            "root_block_device": [
              {
                "delete_on_termination": true,
                "device_name": "/dev/xvda",
                "encrypted": false,
                "iops": 3000,
                "kms_key_id": "",
                "tags": {},
                "tags_all": {},
                "throughput": 125,
                "volume_id": "vol-0360ae9fc63291cfd",
                "volume_size": 8,
                "volume_type": "gp3"
              }
            ],
            "secondary_network_interface": [],
            "secondary_private_ips": [],
            "security_groups": [],
            "source_dest_check": true,
            "spot_instance_request_id": "",
            "subnet_id": "subnet-0d2b56f7082ff03a2",
            "tags": {
              "Name": "wordpress_b"
            },
            "tags_all": {
              "Name": "wordpress_b"
            },
            "tenancy": "default",
            "timeouts": null,
            "user_data": null,
            "user_data_base64": null,
            "user_data_replace_on_change": false,
            "volume_tags": null,
            "vpc_security_group_ids": [
              "sg-050cb6fd07e50fe0c"
            ]
          },
          "sensitive_attributes": [],
          "identity_schema_version": 0,
          "identity": {
            "account_id": "348342705419",
            "id": "i-0b25a8166106eaafb",
            "region": "us-east-1"
          },
          "private": "eyJlMmJmYjczMC1lY2FhLTExZTYtOGY4OC0zNDM2M2JjN2M0YzAiOnsiY3JlYXRlIjo2MDAwMDAwMDAwMDAsImRlbGV0ZSI6MTIwMDAwMDAwMDAwMCwicmVhZCI6OTAwMDAwMDAwMDAwLCJ1cGRhdGUiOjYwMDAwMDAwMDAwMH0sInNjaGVtYV92ZXJzaW9uIjoiMiJ9",
          "dependencies": [
            "aws_security_group.sc-ec2-wordpress",
            "aws_subnet.wordpressrede_b",
            "aws_vpc.srewordpressturbinado_publica",
            "data.aws_ami.amzn-linux-2023-ami"
          ]
        }
      ]
    },
    {
      "mode": "managed",
      "type": "aws_internet_gateway",
      "name": "igw_publica",
      "provider": "provider[\"registry.terraform.io/hashicorp/aws\"]",
      "instances": [
        {
          "schema_version": 0,
          "attributes": {
            "arn": "arn:aws:ec2:us-east-1:348342705419:internet-gateway/igw-000e35869ff3e49b7",
            "id": "igw-000e35869ff3e49b7",
            "owner_id": "348342705419",
            "region": "us-east-1",
            "tags": {
              "Name": "IGW_publica"
            },
            "tags_all": {
              "Name": "IGW_publica"
            },
            "timeouts": null,
            "vpc_id": "vpc-0fcfeefda10ee0977"
          },
          "sensitive_attributes": [],
          "identity_schema_version": 0,
          "private": "eyJlMmJmYjczMC1lY2FhLTExZTYtOGY4OC0zNDM2M2JjN2M0YzAiOnsiY3JlYXRlIjoxMjAwMDAwMDAwMDAwLCJkZWxldGUiOjEyMDAwMDAwMDAwMDAsInVwZGF0ZSI6MTIwMDAwMDAwMDAwMH19",
          "dependencies": [
            "aws_vpc.srewordpressturbinado_publica"
          ]
        }
      ]
    },
    {
      "mode": "managed",
      "type": "aws_key_pair",
      "name": "ssh_key",
      "provider": "provider[\"registry.terraform.io/hashicorp/aws\"]",
      "instances": [
        {
          "schema_version": 1,
          "attributes": {
            "arn": "arn:aws:ec2:us-east-1:348342705419:key-pair/wordpress-ssh-key",
            "fingerprint": "69:f6:f7:50:6b:9c:41:03:34:21:f3:0a:14:aa:c7:aa",
            "id": "wordpress-ssh-key",
            "key_name": "wordpress-ssh-key",
            "key_name_prefix": "",
            "key_pair_id": "key-0fabf16ac7de501c2",
            "key_type": "rsa",
            "public_key": "ssh-rsa AAAAB3NzaC1yc2EAAAADAQABAAABAQCwLYOb7AYyQAMNHrvDc5Wc3MeyY2VybL8tDBWemdMuM6SLTFXLm/aWconjBD+tosXD2UQZT7P8MIsIxhvWi5HjGn/409suLbb63HDrIJOPAVE7JNv46U5PXyRUzR5CSnFnG5kcXuhiif0IiHrQZUKVUIXOx1jowxGeN1ALsuADC2aR7fmaYr7SQ2VkXQpdRWXoEaqgDzqPlbj09ZVZTie1lNiLL0Sq8jwbl7GuxhrKAhu4275vmLZnK6ltb1kdpCvXn4VBvJPZHoX2pNKziKsIykGIkjM/gDIge2aDEV33GPmq48w8fBkf165/cCJ0mgBm2ym4+Vqxu2Xes5O77rWP",
            "region": "us-east-1",
            "tags": null,
            "tags_all": {}
          },
          "sensitive_attributes": [],
          "identity_schema_version": 0,
          "private": "eyJzY2hlbWFfdmVyc2lvbiI6IjEifQ==",
          "dependencies": [
            "tls_private_key.wordpress_ssh"
          ]
        }
      ]
    },
    {
      "mode": "managed",
      "type": "aws_route_table",
      "name": "default_publica_route_table",
      "provider": "provider[\"registry.terraform.io/hashicorp/aws\"]",
      "instances": [
        {
          "schema_version": 0,
          "attributes": {
            "arn": "arn:aws:ec2:us-east-1:348342705419:route-table/rtb-0413d2f0509a94da7",
            "id": "rtb-0413d2f0509a94da7",
            "owner_id": "348342705419",
            "propagating_vgws": [],
            "region": "us-east-1",
            "route": [
              {
                "carrier_gateway_id": "",
                "cidr_block": "",
                "core_network_arn": "",
                "destination_prefix_list_id": "",
                "egress_only_gateway_id": "eigw-055fa0882769e9fc8",
                "gateway_id": "",
                "ipv6_cidr_block": "::/0",
                "local_gateway_id": "",
                "nat_gateway_id": "",
                "network_interface_id": "",
                "transit_gateway_id": "",
                "vpc_endpoint_id": "",
                "vpc_peering_connection_id": ""
              },
              {
                "carrier_gateway_id": "",
                "cidr_block": "0.0.0.0/0",
                "core_network_arn": "",
                "destination_prefix_list_id": "",
                "egress_only_gateway_id": "",
                "gateway_id": "igw-000e35869ff3e49b7",
                "ipv6_cidr_block": "",
                "local_gateway_id": "",
                "nat_gateway_id": "",
                "network_interface_id": "",
                "transit_gateway_id": "",
                "vpc_endpoint_id": "",
                "vpc_peering_connection_id": ""
              }
            ],
            "tags": {
              "Name": "redewordpressturbinado-route"
            },
            "tags_all": {
              "Name": "redewordpressturbinado-route"
            },
            "timeouts": null,
            "vpc_id": "vpc-0fcfeefda10ee0977"
          },
          "sensitive_attributes": [],
          "identity_schema_version": 0,
          "identity": {
            "account_id": "348342705419",
            "id": "rtb-0413d2f0509a94da7",
            "region": "us-east-1"
          },
          "private": "eyJlMmJmYjczMC1lY2FhLTExZTYtOGY4OC0zNDM2M2JjN2M0YzAiOnsiY3JlYXRlIjozMDAwMDAwMDAwMDAsImRlbGV0ZSI6MzAwMDAwMDAwMDAwLCJ1cGRhdGUiOjEyMDAwMDAwMDAwMH19",
          "dependencies": [
            "aws_egress_only_internet_gateway.wordpressturbinado",
            "aws_internet_gateway.igw_publica",
            "aws_vpc.srewordpressturbinado_publica"
          ]
        }
      ]
    },
    {
      "mode": "managed",
      "type": "aws_route_table_association",
      "name": "publica_a",
      "provider": "provider[\"registry.terraform.io/hashicorp/aws\"]",
      "instances": [
        {
          "schema_version": 0,
          "attributes": {
            "gateway_id": "",
            "id": "rtbassoc-0cea698b2c1ac6a16",
            "region": "us-east-1",
            "route_table_id": "rtb-0413d2f0509a94da7",
            "subnet_id": "subnet-0d881abce6a498f39",
            "timeouts": null
          },
          "sensitive_attributes": [],
          "identity_schema_version": 0,
          "private": "eyJlMmJmYjczMC1lY2FhLTExZTYtOGY4OC0zNDM2M2JjN2M0YzAiOnsiY3JlYXRlIjozMDAwMDAwMDAwMDAsImRlbGV0ZSI6MzAwMDAwMDAwMDAwLCJ1cGRhdGUiOjEyMDAwMDAwMDAwMH19",
          "dependencies": [
            "aws_egress_only_internet_gateway.wordpressturbinado",
            "aws_internet_gateway.igw_publica",
            "aws_route_table.default_publica_route_table",
            "aws_subnet.wordpressrede_a",
            "aws_vpc.srewordpressturbinado_publica"
          ]
        }
      ]
    },
    {
      "mode": "managed",
      "type": "aws_route_table_association",
      "name": "publica_b",
      "provider": "provider[\"registry.terraform.io/hashicorp/aws\"]",
      "instances": [
        {
          "schema_version": 0,
          "attributes": {
            "gateway_id": "",
            "id": "rtbassoc-084d08a816af5aef0",
            "region": "us-east-1",
            "route_table_id": "rtb-0413d2f0509a94da7",
            "subnet_id": "subnet-0d2b56f7082ff03a2",
            "timeouts": null
          },
          "sensitive_attributes": [],
          "identity_schema_version": 0,
          "private": "eyJlMmJmYjczMC1lY2FhLTExZTYtOGY4OC0zNDM2M2JjN2M0YzAiOnsiY3JlYXRlIjozMDAwMDAwMDAwMDAsImRlbGV0ZSI6MzAwMDAwMDAwMDAwLCJ1cGRhdGUiOjEyMDAwMDAwMDAwMH19",
          "dependencies": [
            "aws_egress_only_internet_gateway.wordpressturbinado",
            "aws_internet_gateway.igw_publica",
            "aws_route_table.default_publica_route_table",
            "aws_subnet.wordpressrede_b",
            "aws_vpc.srewordpressturbinado_publica"
          ]
        }
      ]
    },
    {
      "mode": "managed",
      "type": "aws_route_table_association",
      "name": "publica_c",
      "provider": "provider[\"registry.terraform.io/hashicorp/aws\"]",
      "instances": [
        {
          "schema_version": 0,
          "attributes": {
            "gateway_id": "",
            "id": "rtbassoc-00d538cba6378a78d",
            "region": "us-east-1",
            "route_table_id": "rtb-0413d2f0509a94da7",
            "subnet_id": "subnet-0eabadc447429f60b",
            "timeouts": null
          },
          "sensitive_attributes": [],
          "identity_schema_version": 0,
          "private": "eyJlMmJmYjczMC1lY2FhLTExZTYtOGY4OC0zNDM2M2JjN2M0YzAiOnsiY3JlYXRlIjozMDAwMDAwMDAwMDAsImRlbGV0ZSI6MzAwMDAwMDAwMDAwLCJ1cGRhdGUiOjEyMDAwMDAwMDAwMH19",
          "dependencies": [
            "aws_egress_only_internet_gateway.wordpressturbinado",
            "aws_internet_gateway.igw_publica",
            "aws_route_table.default_publica_route_table",
            "aws_subnet.wordpressrede_c",
            "aws_vpc.srewordpressturbinado_publica"
          ]
        }
      ]
    },
    {
      "mode": "managed",
      "type": "aws_route_table_association",
      "name": "publica_d",
      "provider": "provider[\"registry.terraform.io/hashicorp/aws\"]",
      "instances": [
        {
          "schema_version": 0,
          "attributes": {
            "gateway_id": "",
            "id": "rtbassoc-01b87b583f5a1b966",
            "region": "us-east-1",
            "route_table_id": "rtb-0413d2f0509a94da7",
            "subnet_id": "subnet-0d1e4e2b454791962",
            "timeouts": null
          },
          "sensitive_attributes": [],
          "identity_schema_version": 0,
          "private": "eyJlMmJmYjczMC1lY2FhLTExZTYtOGY4OC0zNDM2M2JjN2M0YzAiOnsiY3JlYXRlIjozMDAwMDAwMDAwMDAsImRlbGV0ZSI6MzAwMDAwMDAwMDAwLCJ1cGRhdGUiOjEyMDAwMDAwMDAwMH19",
          "dependencies": [
            "aws_egress_only_internet_gateway.wordpressturbinado",
            "aws_internet_gateway.igw_publica",
            "aws_route_table.default_publica_route_table",
            "aws_subnet.wordpressrede_d",
            "aws_vpc.srewordpressturbinado_publica"
          ]
        }
      ]
    },
    {
      "mode": "managed",
      "type": "aws_route_table_association",
      "name": "publica_e",
      "provider": "provider[\"registry.terraform.io/hashicorp/aws\"]",
      "instances": [
        {
          "schema_version": 0,
          "attributes": {
            "gateway_id": "",
            "id": "rtbassoc-00ad4bc5ce7536dc0",
            "region": "us-east-1",
            "route_table_id": "rtb-0413d2f0509a94da7",
            "subnet_id": "subnet-0091602e5b14b1edf",
            "timeouts": null
          },
          "sensitive_attributes": [],
          "identity_schema_version": 0,
          "private": "eyJlMmJmYjczMC1lY2FhLTExZTYtOGY4OC0zNDM2M2JjN2M0YzAiOnsiY3JlYXRlIjozMDAwMDAwMDAwMDAsImRlbGV0ZSI6MzAwMDAwMDAwMDAwLCJ1cGRhdGUiOjEyMDAwMDAwMDAwMH19",
          "dependencies": [
            "aws_egress_only_internet_gateway.wordpressturbinado",
            "aws_internet_gateway.igw_publica",
            "aws_route_table.default_publica_route_table",
            "aws_subnet.wordpressrede_e",
            "aws_vpc.srewordpressturbinado_publica"
          ]
        }
      ]
    },
    {
      "mode": "managed",
      "type": "aws_route_table_association",
      "name": "publica_f",
      "provider": "provider[\"registry.terraform.io/hashicorp/aws\"]",
      "instances": [
        {
          "schema_version": 0,
          "attributes": {
            "gateway_id": "",
            "id": "rtbassoc-09d1844150614d4e2",
            "region": "us-east-1",
            "route_table_id": "rtb-0413d2f0509a94da7",
            "subnet_id": "subnet-0e76142ed9f322ef7",
            "timeouts": null
          },
          "sensitive_attributes": [],
          "identity_schema_version": 0,
          "private": "eyJlMmJmYjczMC1lY2FhLTExZTYtOGY4OC0zNDM2M2JjN2M0YzAiOnsiY3JlYXRlIjozMDAwMDAwMDAwMDAsImRlbGV0ZSI6MzAwMDAwMDAwMDAwLCJ1cGRhdGUiOjEyMDAwMDAwMDAwMH19",
          "dependencies": [
            "aws_egress_only_internet_gateway.wordpressturbinado",
            "aws_internet_gateway.igw_publica",
            "aws_route_table.default_publica_route_table",
            "aws_subnet.wordpressrede_f",
            "aws_vpc.srewordpressturbinado_publica"
          ]
        }
      ]
    },
    {
      "mode": "managed",
      "type": "aws_security_group",
      "name": "allow_monitor",
      "provider": "provider[\"registry.terraform.io/hashicorp/aws\"]",
      "instances": [
        {
          "schema_version": 1,
          "attributes": {
            "arn": "arn:aws:ec2:us-east-1:348342705419:security-group/sg-0c6ba6fc76641b817",
            "description": "Allow monitoring traffic (Prometheus, Grafana)",
            "egress": [
              {
                "cidr_blocks": [
                  "0.0.0.0/0"
                ],
                "description": "",
                "from_port": 0,
                "ipv6_cidr_blocks": [],
                "prefix_list_ids": [],
                "protocol": "-1",
                "security_groups": [],
                "self": false,
                "to_port": 0
              }
            ],
            "id": "sg-0c6ba6fc76641b817",
            "ingress": [
              {
                "cidr_blocks": [
                  "0.0.0.0/0"
                ],
                "description": "Grafana",
                "from_port": 3000,
                "ipv6_cidr_blocks": [],
                "prefix_list_ids": [],
                "protocol": "tcp",
                "security_groups": [],
                "self": false,
                "to_port": 3000
              },
              {
                "cidr_blocks": [
                  "0.0.0.0/0"
                ],
                "description": "Prometheus",
                "from_port": 9090,
                "ipv6_cidr_blocks": [],
                "prefix_list_ids": [],
                "protocol": "tcp",
                "security_groups": [],
                "self": false,
                "to_port": 9090
              },
              {
                "cidr_blocks": [
                  "0.0.0.0/0"
                ],
                "description": "SSH",
                "from_port": 22,
                "ipv6_cidr_blocks": [],
                "prefix_list_ids": [],
                "protocol": "tcp",
                "security_groups": [],
                "self": false,
                "to_port": 22
              }
            ],
            "name": "allow_monitor",
            "name_prefix": "",
            "owner_id": "348342705419",
            "region": "us-east-1",
            "revoke_rules_on_delete": false,
            "tags": {
              "Name": "allow_monitor"
            },
            "tags_all": {
              "Name": "allow_monitor"
            },
            "timeouts": null,
            "vpc_id": "vpc-0fcfeefda10ee0977"
          },
          "sensitive_attributes": [],
          "identity_schema_version": 0,
          "identity": {
            "account_id": "348342705419",
            "id": "sg-0c6ba6fc76641b817",
            "region": "us-east-1"
          },
          "private": "eyJlMmJmYjczMC1lY2FhLTExZTYtOGY4OC0zNDM2M2JjN2M0YzAiOnsiY3JlYXRlIjo2MDAwMDAwMDAwMDAsImRlbGV0ZSI6OTAwMDAwMDAwMDAwfSwic2NoZW1hX3ZlcnNpb24iOiIxIn0=",
          "dependencies": [
            "aws_vpc.srewordpressturbinado_publica"
          ]
        }
      ]
    },
    {
      "mode": "managed",
      "type": "aws_security_group",
      "name": "allow_rds",
      "provider": "provider[\"registry.terraform.io/hashicorp/aws\"]",
      "instances": [
        {
          "schema_version": 1,
          "attributes": {
            "arn": "arn:aws:ec2:us-east-1:348342705419:security-group/sg-07462e3b4715d9f69",
            "description": "Allow MySQL traffic from EC2 instances",
            "egress": [
              {
                "cidr_blocks": [
                  "0.0.0.0/0"
                ],
                "description": "",
                "from_port": 0,
                "ipv6_cidr_blocks": [],
                "prefix_list_ids": [],
                "protocol": "-1",
                "security_groups": [],
                "self": false,
                "to_port": 0
              }
            ],
            "id": "sg-07462e3b4715d9f69",
            "ingress": [
              {
                "cidr_blocks": [],
                "description": "MySQL from EC2",
                "from_port": 3306,
                "ipv6_cidr_blocks": [],
                "prefix_list_ids": [],
                "protocol": "tcp",
                "security_groups": [
                  "sg-050cb6fd07e50fe0c"
                ],
                "self": false,
                "to_port": 3306
              }
            ],
            "name": "allow_rds",
            "name_prefix": "",
            "owner_id": "348342705419",
            "region": "us-east-1",
            "revoke_rules_on_delete": false,
            "tags": {
              "Name": "allow_rds"
            },
            "tags_all": {
              "Name": "allow_rds"
            },
            "timeouts": null,
            "vpc_id": "vpc-0fcfeefda10ee0977"
          },
          "sensitive_attributes": [],
          "identity_schema_version": 0,
          "identity": {
            "account_id": "348342705419",
            "id": "sg-07462e3b4715d9f69",
            "region": "us-east-1"
          },
          "private": "eyJlMmJmYjczMC1lY2FhLTExZTYtOGY4OC0zNDM2M2JjN2M0YzAiOnsiY3JlYXRlIjo2MDAwMDAwMDAwMDAsImRlbGV0ZSI6OTAwMDAwMDAwMDAwfSwic2NoZW1hX3ZlcnNpb24iOiIxIn0=",
          "dependencies": [
            "aws_security_group.sc-ec2-wordpress",
            "aws_vpc.srewordpressturbinado_publica"
          ]
        }
      ]
    },
    {
      "mode": "managed",
      "type": "aws_security_group",
      "name": "sc-ec2-wordpress",
      "provider": "provider[\"registry.terraform.io/hashicorp/aws\"]",
      "instances": [
        {
          "schema_version": 1,
          "attributes": {
            "arn": "arn:aws:ec2:us-east-1:348342705419:security-group/sg-050cb6fd07e50fe0c",
            "description": "Allow SSH, HTTP, and Node Exporter inbound traffic",
            "egress": [
              {
                "cidr_blocks": [
                  "0.0.0.0/0"
                ],
                "description": "",
                "from_port": 0,
                "ipv6_cidr_blocks": [
                  "::/0"
                ],
                "prefix_list_ids": [],
                "protocol": "-1",
                "security_groups": [],
                "self": false,
                "to_port": 0
              }
            ],
            "id": "sg-050cb6fd07e50fe0c",
            "ingress": [
              {
                "cidr_blocks": [
                  "0.0.0.0/0"
                ],
                "description": "HTTP",
                "from_port": 80,
                "ipv6_cidr_blocks": [],
                "prefix_list_ids": [],
                "protocol": "tcp",
                "security_groups": [],
                "self": false,
                "to_port": 80
              },
              {
                "cidr_blocks": [
                  "0.0.0.0/0"
                ],
                "description": "HTTPS",
                "from_port": 443,
                "ipv6_cidr_blocks": [],
                "prefix_list_ids": [],
                "protocol": "tcp",
                "security_groups": [],
                "self": false,
                "to_port": 443
              },
              {
                "cidr_blocks": [
                  "0.0.0.0/0"
                ],
                "description": "Node Exporter",
                "from_port": 9100,
                "ipv6_cidr_blocks": [],
                "prefix_list_ids": [],
                "protocol": "tcp",
                "security_groups": [],
                "self": false,
                "to_port": 9100
              },
              {
                "cidr_blocks": [
                  "0.0.0.0/0"
                ],
                "description": "SSH",
                "from_port": 22,
                "ipv6_cidr_blocks": [],
                "prefix_list_ids": [],
                "protocol": "tcp",
                "security_groups": [],
                "self": false,
                "to_port": 22
              }
            ],
            "name": "pemitir ssh, http, no",
            "name_prefix": "",
            "owner_id": "348342705419",
            "region": "us-east-1",
            "revoke_rules_on_delete": false,
            "tags": {
              "Name": "allow_ssh_http_node"
            },
            "tags_all": {
              "Name": "allow_ssh_http_node"
            },
            "timeouts": null,
            "vpc_id": "vpc-0fcfeefda10ee0977"
          },
          "sensitive_attributes": [],
          "identity_schema_version": 0,
          "identity": {
            "account_id": "348342705419",
            "id": "sg-050cb6fd07e50fe0c",
            "region": "us-east-1"
          },
          "private": "eyJlMmJmYjczMC1lY2FhLTExZTYtOGY4OC0zNDM2M2JjN2M0YzAiOnsiY3JlYXRlIjo2MDAwMDAwMDAwMDAsImRlbGV0ZSI6OTAwMDAwMDAwMDAwfSwic2NoZW1hX3ZlcnNpb24iOiIxIn0=",
          "dependencies": [
            "aws_vpc.srewordpressturbinado_publica"
          ]
        }
      ]
    },
    {
      "mode": "managed",
      "type": "aws_subnet",
      "name": "wordpressrede_a",
      "provider": "provider[\"registry.terraform.io/hashicorp/aws\"]",
      "instances": [
        {
          "schema_version": 1,
          "attributes": {
            "arn": "arn:aws:ec2:us-east-1:348342705419:subnet/subnet-0d881abce6a498f39",
            "assign_ipv6_address_on_creation": false,
            "availability_zone": "us-east-1a",
            "availability_zone_id": "use1-az1",
            "cidr_block": "172.16.1.0/24",
            "customer_owned_ipv4_pool": "",
            "enable_dns64": false,
            "enable_lni_at_device_index": 0,
            "enable_resource_name_dns_a_record_on_launch": false,
            "enable_resource_name_dns_aaaa_record_on_launch": false,
            "id": "subnet-0d881abce6a498f39",
            "ipv4_ipam_pool_id": null,
            "ipv4_netmask_length": null,
            "ipv6_cidr_block": "",
            "ipv6_cidr_block_association_id": "",
            "ipv6_ipam_pool_id": null,
            "ipv6_native": false,
            "ipv6_netmask_length": null,
            "map_customer_owned_ip_on_launch": false,
            "map_public_ip_on_launch": false,
            "outpost_arn": "",
            "owner_id": "348342705419",
            "private_dns_hostname_type_on_launch": "ip-name",
            "region": "us-east-1",
            "tags": {
              "Name": "subnet-a-wordpressrede_publica"
            },
            "tags_all": {
              "Name": "subnet-a-wordpressrede_publica"
            },
            "timeouts": null,
            "vpc_id": "vpc-0fcfeefda10ee0977"
          },
          "sensitive_attributes": [],
          "identity_schema_version": 0,
          "identity": {
            "account_id": "348342705419",
            "id": "subnet-0d881abce6a498f39",
            "region": "us-east-1"
          },
          "private": "eyJlMmJmYjczMC1lY2FhLTExZTYtOGY4OC0zNDM2M2JjN2M0YzAiOnsiY3JlYXRlIjo2MDAwMDAwMDAwMDAsImRlbGV0ZSI6MTIwMDAwMDAwMDAwMH0sInNjaGVtYV92ZXJzaW9uIjoiMSJ9",
          "dependencies": [
            "aws_vpc.srewordpressturbinado_publica"
          ]
        }
      ]
    },
    {
      "mode": "managed",
      "type": "aws_subnet",
      "name": "wordpressrede_b",
      "provider": "provider[\"registry.terraform.io/hashicorp/aws\"]",
      "instances": [
        {
          "schema_version": 1,
          "attributes": {
            "arn": "arn:aws:ec2:us-east-1:348342705419:subnet/subnet-0d2b56f7082ff03a2",
            "assign_ipv6_address_on_creation": false,
            "availability_zone": "us-east-1b",
            "availability_zone_id": "use1-az2",
            "cidr_block": "172.16.2.0/24",
            "customer_owned_ipv4_pool": "",
            "enable_dns64": false,
            "enable_lni_at_device_index": 0,
            "enable_resource_name_dns_a_record_on_launch": false,
            "enable_resource_name_dns_aaaa_record_on_launch": false,
            "id": "subnet-0d2b56f7082ff03a2",
            "ipv4_ipam_pool_id": null,
            "ipv4_netmask_length": null,
            "ipv6_cidr_block": "",
            "ipv6_cidr_block_association_id": "",
            "ipv6_ipam_pool_id": null,
            "ipv6_native": false,
            "ipv6_netmask_length": null,
            "map_customer_owned_ip_on_launch": false,
            "map_public_ip_on_launch": false,
            "outpost_arn": "",
            "owner_id": "348342705419",
            "private_dns_hostname_type_on_launch": "ip-name",
            "region": "us-east-1",
            "tags": {
              "Name": "subnet-b-wordpressrede_publica"
            },
            "tags_all": {
              "Name": "subnet-b-wordpressrede_publica"
            },
            "timeouts": null,
            "vpc_id": "vpc-0fcfeefda10ee0977"
          },
          "sensitive_attributes": [],
          "identity_schema_version": 0,
          "identity": {
            "account_id": "348342705419",
            "id": "subnet-0d2b56f7082ff03a2",
            "region": "us-east-1"
          },
          "private": "eyJlMmJmYjczMC1lY2FhLTExZTYtOGY4OC0zNDM2M2JjN2M0YzAiOnsiY3JlYXRlIjo2MDAwMDAwMDAwMDAsImRlbGV0ZSI6MTIwMDAwMDAwMDAwMH0sInNjaGVtYV92ZXJzaW9uIjoiMSJ9",
          "dependencies": [
            "aws_vpc.srewordpressturbinado_publica"
          ]
        }
      ]
    },
    {
      "mode": "managed",
      "type": "aws_subnet",
      "name": "wordpressrede_c",
      "provider": "provider[\"registry.terraform.io/hashicorp/aws\"]",
      "instances": [
        {
          "schema_version": 1,
          "attributes": {
            "arn": "arn:aws:ec2:us-east-1:348342705419:subnet/subnet-0eabadc447429f60b",
            "assign_ipv6_address_on_creation": false,
            "availability_zone": "us-east-1c",
            "availability_zone_id": "use1-az4",
            "cidr_block": "172.16.3.0/24",
            "customer_owned_ipv4_pool": "",
            "enable_dns64": false,
            "enable_lni_at_device_index": 0,
            "enable_resource_name_dns_a_record_on_launch": false,
            "enable_resource_name_dns_aaaa_record_on_launch": false,
            "id": "subnet-0eabadc447429f60b",
            "ipv4_ipam_pool_id": null,
            "ipv4_netmask_length": null,
            "ipv6_cidr_block": "",
            "ipv6_cidr_block_association_id": "",
            "ipv6_ipam_pool_id": null,
            "ipv6_native": false,
            "ipv6_netmask_length": null,
            "map_customer_owned_ip_on_launch": false,
            "map_public_ip_on_launch": false,
            "outpost_arn": "",
            "owner_id": "348342705419",
            "private_dns_hostname_type_on_launch": "ip-name",
            "region": "us-east-1",
            "tags": {
              "Name": "subnet-c-wordpressrede_publica"
            },
            "tags_all": {
              "Name": "subnet-c-wordpressrede_publica"
            },
            "timeouts": null,
            "vpc_id": "vpc-0fcfeefda10ee0977"
          },
          "sensitive_attributes": [],
          "identity_schema_version": 0,
          "identity": {
            "account_id": "348342705419",
            "id": "subnet-0eabadc447429f60b",
            "region": "us-east-1"
          },
          "private": "eyJlMmJmYjczMC1lY2FhLTExZTYtOGY4OC0zNDM2M2JjN2M0YzAiOnsiY3JlYXRlIjo2MDAwMDAwMDAwMDAsImRlbGV0ZSI6MTIwMDAwMDAwMDAwMH0sInNjaGVtYV92ZXJzaW9uIjoiMSJ9",
          "dependencies": [
            "aws_vpc.srewordpressturbinado_publica"
          ]
        }
      ]
    },
    {
      "mode": "managed",
      "type": "aws_subnet",
      "name": "wordpressrede_d",
      "provider": "provider[\"registry.terraform.io/hashicorp/aws\"]",
      "instances": [
        {
          "schema_version": 1,
          "attributes": {
            "arn": "arn:aws:ec2:us-east-1:348342705419:subnet/subnet-0d1e4e2b454791962",
            "assign_ipv6_address_on_creation": false,
            "availability_zone": "us-east-1d",
            "availability_zone_id": "use1-az6",
            "cidr_block": "172.16.4.0/24",
            "customer_owned_ipv4_pool": "",
            "enable_dns64": false,
            "enable_lni_at_device_index": 0,
            "enable_resource_name_dns_a_record_on_launch": false,
            "enable_resource_name_dns_aaaa_record_on_launch": false,
            "id": "subnet-0d1e4e2b454791962",
            "ipv4_ipam_pool_id": null,
            "ipv4_netmask_length": null,
            "ipv6_cidr_block": "",
            "ipv6_cidr_block_association_id": "",
            "ipv6_ipam_pool_id": null,
            "ipv6_native": false,
            "ipv6_netmask_length": null,
            "map_customer_owned_ip_on_launch": false,
            "map_public_ip_on_launch": false,
            "outpost_arn": "",
            "owner_id": "348342705419",
            "private_dns_hostname_type_on_launch": "ip-name",
            "region": "us-east-1",
            "tags": {
              "Name": "subnet-d-wordpressrede_privada"
            },
            "tags_all": {
              "Name": "subnet-d-wordpressrede_privada"
            },
            "timeouts": null,
            "vpc_id": "vpc-0fcfeefda10ee0977"
          },
          "sensitive_attributes": [],
          "identity_schema_version": 0,
          "identity": {
            "account_id": "348342705419",
            "id": "subnet-0d1e4e2b454791962",
            "region": "us-east-1"
          },
          "private": "eyJlMmJmYjczMC1lY2FhLTExZTYtOGY4OC0zNDM2M2JjN2M0YzAiOnsiY3JlYXRlIjo2MDAwMDAwMDAwMDAsImRlbGV0ZSI6MTIwMDAwMDAwMDAwMH0sInNjaGVtYV92ZXJzaW9uIjoiMSJ9",
          "dependencies": [
            "aws_vpc.srewordpressturbinado_publica"
          ]
        }
      ]
    },
    {
      "mode": "managed",
      "type": "aws_subnet",
      "name": "wordpressrede_e",
      "provider": "provider[\"registry.terraform.io/hashicorp/aws\"]",
      "instances": [
        {
          "schema_version": 1,
          "attributes": {
            "arn": "arn:aws:ec2:us-east-1:348342705419:subnet/subnet-0091602e5b14b1edf",
            "assign_ipv6_address_on_creation": false,
            "availability_zone": "us-east-1e",
            "availability_zone_id": "use1-az3",
            "cidr_block": "172.16.5.0/24",
            "customer_owned_ipv4_pool": "",
            "enable_dns64": false,
            "enable_lni_at_device_index": 0,
            "enable_resource_name_dns_a_record_on_launch": false,
            "enable_resource_name_dns_aaaa_record_on_launch": false,
            "id": "subnet-0091602e5b14b1edf",
            "ipv4_ipam_pool_id": null,
            "ipv4_netmask_length": null,
            "ipv6_cidr_block": "",
            "ipv6_cidr_block_association_id": "",
            "ipv6_ipam_pool_id": null,
            "ipv6_native": false,
            "ipv6_netmask_length": null,
            "map_customer_owned_ip_on_launch": false,
            "map_public_ip_on_launch": false,
            "outpost_arn": "",
            "owner_id": "348342705419",
            "private_dns_hostname_type_on_launch": "ip-name",
            "region": "us-east-1",
            "tags": {
              "Name": "subnet-e-wordpressrede_privada"
            },
            "tags_all": {
              "Name": "subnet-e-wordpressrede_privada"
            },
            "timeouts": null,
            "vpc_id": "vpc-0fcfeefda10ee0977"
          },
          "sensitive_attributes": [],
          "identity_schema_version": 0,
          "identity": {
            "account_id": "348342705419",
            "id": "subnet-0091602e5b14b1edf",
            "region": "us-east-1"
          },
          "private": "eyJlMmJmYjczMC1lY2FhLTExZTYtOGY4OC0zNDM2M2JjN2M0YzAiOnsiY3JlYXRlIjo2MDAwMDAwMDAwMDAsImRlbGV0ZSI6MTIwMDAwMDAwMDAwMH0sInNjaGVtYV92ZXJzaW9uIjoiMSJ9",
          "dependencies": [
            "aws_vpc.srewordpressturbinado_publica"
          ]
        }
      ]
    },
    {
      "mode": "managed",
      "type": "aws_subnet",
      "name": "wordpressrede_f",
      "provider": "provider[\"registry.terraform.io/hashicorp/aws\"]",
      "instances": [
        {
          "schema_version": 1,
          "attributes": {
            "arn": "arn:aws:ec2:us-east-1:348342705419:subnet/subnet-0e76142ed9f322ef7",
            "assign_ipv6_address_on_creation": false,
            "availability_zone": "us-east-1f",
            "availability_zone_id": "use1-az5",
            "cidr_block": "172.16.6.0/24",
            "customer_owned_ipv4_pool": "",
            "enable_dns64": false,
            "enable_lni_at_device_index": 0,
            "enable_resource_name_dns_a_record_on_launch": false,
            "enable_resource_name_dns_aaaa_record_on_launch": false,
            "id": "subnet-0e76142ed9f322ef7",
            "ipv4_ipam_pool_id": null,
            "ipv4_netmask_length": null,
            "ipv6_cidr_block": "",
            "ipv6_cidr_block_association_id": "",
            "ipv6_ipam_pool_id": null,
            "ipv6_native": false,
            "ipv6_netmask_length": null,
            "map_customer_owned_ip_on_launch": false,
            "map_public_ip_on_launch": false,
            "outpost_arn": "",
            "owner_id": "348342705419",
            "private_dns_hostname_type_on_launch": "ip-name",
            "region": "us-east-1",
            "tags": {
              "Name": "subnet-f-wordpressrede_privada"
            },
            "tags_all": {
              "Name": "subnet-f-wordpressrede_privada"
            },
            "timeouts": null,
            "vpc_id": "vpc-0fcfeefda10ee0977"
          },
          "sensitive_attributes": [],
          "identity_schema_version": 0,
          "identity": {
            "account_id": "348342705419",
            "id": "subnet-0e76142ed9f322ef7",
            "region": "us-east-1"
          },
          "private": "eyJlMmJmYjczMC1lY2FhLTExZTYtOGY4OC0zNDM2M2JjN2M0YzAiOnsiY3JlYXRlIjo2MDAwMDAwMDAwMDAsImRlbGV0ZSI6MTIwMDAwMDAwMDAwMH0sInNjaGVtYV92ZXJzaW9uIjoiMSJ9",
          "dependencies": [
            "aws_vpc.srewordpressturbinado_publica"
          ]
        }
      ]
    },
    {
      "mode": "managed",
      "type": "aws_vpc",
      "name": "srewordpressturbinado_publica",
      "provider": "provider[\"registry.terraform.io/hashicorp/aws\"]",
      "instances": [
        {
          "schema_version": 1,
          "attributes": {
            "arn": "arn:aws:ec2:us-east-1:348342705419:vpc/vpc-0fcfeefda10ee0977",
            "assign_generated_ipv6_cidr_block": true,
            "cidr_block": "172.16.0.0/16",
            "default_network_acl_id": "acl-086c6f557ee427f81",
            "default_route_table_id": "rtb-0a364020de8a3ddd9",
            "default_security_group_id": "sg-0e290bffbf426bfbb",
            "dhcp_options_id": "dopt-0827c60b07eee0d07",
            "enable_dns_hostnames": false,
            "enable_dns_support": true,
            "enable_network_address_usage_metrics": false,
            "id": "vpc-0fcfeefda10ee0977",
            "instance_tenancy": "default",
            "ipv4_ipam_pool_id": null,
            "ipv4_netmask_length": null,
            "ipv6_association_id": "vpc-cidr-assoc-0206edac5747b22cf",
            "ipv6_cidr_block": "2600:1f18:e6:e100::/56",
            "ipv6_cidr_block_network_border_group": "us-east-1",
            "ipv6_ipam_pool_id": "",
            "ipv6_netmask_length": 0,
            "main_route_table_id": "rtb-0a364020de8a3ddd9",
            "owner_id": "348342705419",
            "region": "us-east-1",
            "tags": {
              "Name": "wordpressrede-publica"
            },
            "tags_all": {
              "Name": "wordpressrede-publica"
            }
          },
          "sensitive_attributes": [],
          "identity_schema_version": 0,
          "identity": {
            "account_id": "348342705419",
            "id": "vpc-0fcfeefda10ee0977",
            "region": "us-east-1"
          },
          "private": "eyJzY2hlbWFfdmVyc2lvbiI6IjEifQ=="
        }
      ]
    },
    {
      "mode": "managed",
      "type": "local_file",
      "name": "ssh_private_key",
      "provider": "provider[\"registry.terraform.io/hashicorp/local\"]",
      "instances": [
        {
          "schema_version": 0,
          "attributes": {
            "content": "-----BEGIN RSA PRIVATE KEY-----\nMIIEpAIBAAKCAQEAsC2Dm+wGMkADDR67w3OVnNzHsmNlcmy/LQwVnpnTLjOki0xV\ny5v2lnKJ4wQ/raLFw9lEGU+z/DCLCMYb1ouR4xp/+NPbLi22+txw6yCTjwFROyTb\n+OlOT18kVM0eQkpxZxuZHF7oYon9CIh60GVClVCFzsdY6MMRnjdQC7LgAwtmke35\nmmK+0kNlZF0KXUVl6BGqoA86j5W49PWVWU4ntZTYiy9EqvI8G5exrsYaygIbuNu+\nb5i2ZyupbW9ZHaQr15+FQbyT2R6F9qTSs4irCMpBiJIzP4AyIHtmgxFd9xj5quPM\nPHwZH9euf3AidJoAZtspuPlasbtl3rOTu+61jwIDAQABAoIBACjCPuKB1mUlvg74\n/0OWqBRkV6cDq+KvGgOX+iB5Qgw8UmMPxAGZEZF46kGlJ/5J3CsVRtX8RI2hxWjA\nPIyEOboq1VSB3wFt/hlHirA7FyhMi7h9LI8HmuBuCH+9/LQleNr73Y5cvrKdbfbd\nbFxuMNtOh8ZxBDbFenv6HAC4326UgEfLyzJ9kvxbb1uaQrgsI25nHFgDv1vX5RBq\nHlYszCaHeUmSesBeL9gS66G1mEa6KActagD3h/gBtitKzA0nRw1Govo+eM+GpgKx\nGNWjy/rTwYecBO/PNV3sQStGjfraoB++xg3aypCHOmEQXadK1N8oFVDN0lU8Z8ZF\n9Fk4k1ECgYEA3fZL33nEi0XPpjz9rJF3ZyZwzD2Oc7gpmT0ddZjcjOAsRhFjE85B\n2JtkoOjoYNljg58J4hzC45ssLlk+DC2fcJPfGFdAWv6wPnVHIEnt9pDtYo2XAaVn\nODtqxp0tiRRjplaDXnOSOIMaohGE4R7Ox34L0SBuLZYaIfajK4KmU6UCgYEAyzHV\nt6/ioB2vFT8M/8+J21Ls+HgLvscXSCJL+LXSPsIIGSlDbCU98XWvPN02mwlDZ/VB\n/H+ncXvE46S0vTgXkiisqqFRYrn0WT64x2d3WwnQtVIUASWX5IAJHAoYOCQ+NP/F\nZoOSgsfdUOhACUBPDWHAyKizGvTRO8G9w8jRTiMCgYEAwNXe+wtGVx1SlwF7/jXu\n/32lF7wPC7ge49P1yRoB2p5TuJgYdLeH+1CdrzJJ2QJkc5BzPK9yHd3NF4NO5bOp\nRlwhwXrkHWoR4mFvZrzz8Xfd1PZgD/0MXQ056c3aJrLBFF0rCp7rlQ9Jzy3bPN3Q\nFf8K8yfysMYsc/9bqUx7hkUCgYEAiG3uhEXZEQ69NrO946iSdCtqpq3bnP2KGUnF\n3rkd8DtROquk9GDRBWWyAli5SEFg+9UFuCZx49Vpbjtxiza1RNKAlJR506LteFqP\nsHs8/WhKtOPmQJrgMHDzLNtuRYu4JNeyz9D5t0vAwokeLdf6/A4tZc03bJsCPXAp\nHOKh/icCgYAH/XY9cNQJ5sdDhEYZXUbzUocmkh4EqiwQhRB58+t1IZDCRkqe2TDC\n3V0Wr4scFXkXaZYpQr0qgC7cstDirlgT4+Rpb9PaG70LrZ2z9ThSJiyyG7QJ4pWH\nWbW1GwxnrKG+DLOiTwtBmvLD4ch2xM07Fx0cpbi2jrsAtAApR3si/A==\n-----END RSA PRIVATE KEY-----\n",
            "content_base64": null,
            "content_base64sha256": "un3ezL6a2hzYqpTWkw2nQYpQPh0OsqThKR0dA0uNpZg=",
            "content_base64sha512": "ZP8+m0zuAG73TSICpkmuuEymC0ffJ/5IR3ESno43zCfpSV+3Ct2z2ZR/mC97MJsMmEbZyn37G4IpXR+hKG+wow==",
            "content_md5": "1d0cc35c9c818a4329c05343ce5cdf32",
            "content_sha1": "2c02e9ad260adfd0fe067e4543ca0da326168cb7",
            "content_sha256": "ba7ddeccbe9ada1cd8aa94d6930da7418a503e1d0eb2a4e1291d1d034b8da598",
            "content_sha512": "64ff3e9b4cee006ef74d2202a649aeb84ca60b47df27fe484771129e8e37cc27e9495fb70addb3d9947f982f7b309b0c9846d9ca7dfb1b82295d1fa1286fb0a3",
            "directory_permission": "0777",
            "file_permission": "0777",
            "filename": "./id_rsa_wordpress.pem",
            "id": "2c02e9ad260adfd0fe067e4543ca0da326168cb7",
            "sensitive_content": null,
            "source": null
          },
          "sensitive_attributes": [
            [
              {
                "type": "get_attr",
                "value": "content"
              }
            ],
            [
              {
                "type": "get_attr",
                "value": "sensitive_content"
              }
            ]
          ],
          "identity_schema_version": 0,
          "dependencies": [
            "tls_private_key.wordpress_ssh"
          ]
        }
      ]
    },
    {
      "mode": "managed",
      "type": "tls_private_key",
      "name": "wordpress_ssh",
      "provider": "provider[\"registry.terraform.io/hashicorp/tls\"]",
      "instances": [
        {
          "schema_version": 1,
          "attributes": {
            "algorithm": "RSA",
            "ecdsa_curve": "P224",
            "id": "a2407fcc0e5756e0f00da6f44e0cd664622bc199",
            "private_key_openssh": "-----BEGIN OPENSSH PRIVATE KEY-----\nb3BlbnNzaC1rZXktdjEAAAAABG5vbmUAAAAEbm9uZQAAAAAAAAABAAABFwAAAAdz\nc2gtcnNhAAAAAwEAAQAAAQEAsC2Dm+wGMkADDR67w3OVnNzHsmNlcmy/LQwVnpnT\nLjOki0xVy5v2lnKJ4wQ/raLFw9lEGU+z/DCLCMYb1ouR4xp/+NPbLi22+txw6yCT\njwFROyTb+OlOT18kVM0eQkpxZxuZHF7oYon9CIh60GVClVCFzsdY6MMRnjdQC7Lg\nAwtmke35mmK+0kNlZF0KXUVl6BGqoA86j5W49PWVWU4ntZTYiy9EqvI8G5exrsYa\nygIbuNu+b5i2ZyupbW9ZHaQr15+FQbyT2R6F9qTSs4irCMpBiJIzP4AyIHtmgxFd\n9xj5quPMPHwZH9euf3AidJoAZtspuPlasbtl3rOTu+61jwAAA7jQBuEC0AbhAgAA\nAAdzc2gtcnNhAAABAQCwLYOb7AYyQAMNHrvDc5Wc3MeyY2VybL8tDBWemdMuM6SL\nTFXLm/aWconjBD+tosXD2UQZT7P8MIsIxhvWi5HjGn/409suLbb63HDrIJOPAVE7\nJNv46U5PXyRUzR5CSnFnG5kcXuhiif0IiHrQZUKVUIXOx1jowxGeN1ALsuADC2aR\n7fmaYr7SQ2VkXQpdRWXoEaqgDzqPlbj09ZVZTie1lNiLL0Sq8jwbl7GuxhrKAhu4\n275vmLZnK6ltb1kdpCvXn4VBvJPZHoX2pNKziKsIykGIkjM/gDIge2aDEV33GPmq\n48w8fBkf165/cCJ0mgBm2ym4+Vqxu2Xes5O77rWPAAAAAwEAAQAAAQAowj7igdZl\nJb4O+P9DlqgUZFenA6virxoDl/ogeUIMPFJjD8QBmRGReOpBpSf+SdwrFUbV/ESN\nocVowDyMhDm6KtVUgd8Bbf4ZR4qwOxcoTIu4fSyPB5rgbgh/vfy0JXja+92OXL6y\nnW323WxcbjDbTofGcQQ2xXp7+hwAuN9ulIBHy8syfZL8W29bmkK4LCNuZxxYA79b\n1+UQah5WLMwmh3lJknrAXi/YEuuhtZhGuigHLWoA94f4AbYrSswNJ0cNRqL6PnjP\nhqYCsRjVo8v608GHnATvzzVd7EErRo362qAfvsYN2sqQhzphEF2nStTfKBVQzdJV\nPGfGRfRZOJNRAAAAgAf9dj1w1Anmx0OERhldRvNShyaSHgSqLBCFEHnz63UhkMJG\nSp7ZMMLdXRavixwVeRdplilCvSqALtyy0OKuWBPj5Glv09obvQutnbP1OFImLLIb\ntAnilYdZtbUbDGesob4Ms6JPC0Ga8sPhyHbEzTsXHRyluLaOuwC0AClHeyL8AAAA\ngQDd9kvfecSLRc+mPP2skXdnJnDMPY5zuCmZPR11mNyM4CxGEWMTzkHYm2Sg6Ohg\n2WODnwniHMLjmywuWT4MLZ9wk98YV0Ba/rA+dUcgSe32kO1ijZcBpWc4O2rGnS2J\nFGOmVoNec5I4gxqiEYThHs7HfgvRIG4tlhoh9qMrgqZTpQAAAIEAyzHVt6/ioB2v\nFT8M/8+J21Ls+HgLvscXSCJL+LXSPsIIGSlDbCU98XWvPN02mwlDZ/VB/H+ncXvE\n46S0vTgXkiisqqFRYrn0WT64x2d3WwnQtVIUASWX5IAJHAoYOCQ+NP/FZoOSgsfd\nUOhACUBPDWHAyKizGvTRO8G9w8jRTiMAAAAAAQID\n-----END OPENSSH PRIVATE KEY-----\n",
            "private_key_pem": "-----BEGIN RSA PRIVATE KEY-----\nMIIEpAIBAAKCAQEAsC2Dm+wGMkADDR67w3OVnNzHsmNlcmy/LQwVnpnTLjOki0xV\ny5v2lnKJ4wQ/raLFw9lEGU+z/DCLCMYb1ouR4xp/+NPbLi22+txw6yCTjwFROyTb\n+OlOT18kVM0eQkpxZxuZHF7oYon9CIh60GVClVCFzsdY6MMRnjdQC7LgAwtmke35\nmmK+0kNlZF0KXUVl6BGqoA86j5W49PWVWU4ntZTYiy9EqvI8G5exrsYaygIbuNu+\nb5i2ZyupbW9ZHaQr15+FQbyT2R6F9qTSs4irCMpBiJIzP4AyIHtmgxFd9xj5quPM\nPHwZH9euf3AidJoAZtspuPlasbtl3rOTu+61jwIDAQABAoIBACjCPuKB1mUlvg74\n/0OWqBRkV6cDq+KvGgOX+iB5Qgw8UmMPxAGZEZF46kGlJ/5J3CsVRtX8RI2hxWjA\nPIyEOboq1VSB3wFt/hlHirA7FyhMi7h9LI8HmuBuCH+9/LQleNr73Y5cvrKdbfbd\nbFxuMNtOh8ZxBDbFenv6HAC4326UgEfLyzJ9kvxbb1uaQrgsI25nHFgDv1vX5RBq\nHlYszCaHeUmSesBeL9gS66G1mEa6KActagD3h/gBtitKzA0nRw1Govo+eM+GpgKx\nGNWjy/rTwYecBO/PNV3sQStGjfraoB++xg3aypCHOmEQXadK1N8oFVDN0lU8Z8ZF\n9Fk4k1ECgYEA3fZL33nEi0XPpjz9rJF3ZyZwzD2Oc7gpmT0ddZjcjOAsRhFjE85B\n2JtkoOjoYNljg58J4hzC45ssLlk+DC2fcJPfGFdAWv6wPnVHIEnt9pDtYo2XAaVn\nODtqxp0tiRRjplaDXnOSOIMaohGE4R7Ox34L0SBuLZYaIfajK4KmU6UCgYEAyzHV\nt6/ioB2vFT8M/8+J21Ls+HgLvscXSCJL+LXSPsIIGSlDbCU98XWvPN02mwlDZ/VB\n/H+ncXvE46S0vTgXkiisqqFRYrn0WT64x2d3WwnQtVIUASWX5IAJHAoYOCQ+NP/F\nZoOSgsfdUOhACUBPDWHAyKizGvTRO8G9w8jRTiMCgYEAwNXe+wtGVx1SlwF7/jXu\n/32lF7wPC7ge49P1yRoB2p5TuJgYdLeH+1CdrzJJ2QJkc5BzPK9yHd3NF4NO5bOp\nRlwhwXrkHWoR4mFvZrzz8Xfd1PZgD/0MXQ056c3aJrLBFF0rCp7rlQ9Jzy3bPN3Q\nFf8K8yfysMYsc/9bqUx7hkUCgYEAiG3uhEXZEQ69NrO946iSdCtqpq3bnP2KGUnF\n3rkd8DtROquk9GDRBWWyAli5SEFg+9UFuCZx49Vpbjtxiza1RNKAlJR506LteFqP\nsHs8/WhKtOPmQJrgMHDzLNtuRYu4JNeyz9D5t0vAwokeLdf6/A4tZc03bJsCPXAp\nHOKh/icCgYAH/XY9cNQJ5sdDhEYZXUbzUocmkh4EqiwQhRB58+t1IZDCRkqe2TDC\n3V0Wr4scFXkXaZYpQr0qgC7cstDirlgT4+Rpb9PaG70LrZ2z9ThSJiyyG7QJ4pWH\nWbW1GwxnrKG+DLOiTwtBmvLD4ch2xM07Fx0cpbi2jrsAtAApR3si/A==\n-----END RSA PRIVATE KEY-----\n",
            "private_key_pem_pkcs8": "-----BEGIN PRIVATE KEY-----\nMIIEvgIBADANBgkqhkiG9w0BAQEFAASCBKgwggSkAgEAAoIBAQCwLYOb7AYyQAMN\nHrvDc5Wc3MeyY2VybL8tDBWemdMuM6SLTFXLm/aWconjBD+tosXD2UQZT7P8MIsI\nxhvWi5HjGn/409suLbb63HDrIJOPAVE7JNv46U5PXyRUzR5CSnFnG5kcXuhiif0I\niHrQZUKVUIXOx1jowxGeN1ALsuADC2aR7fmaYr7SQ2VkXQpdRWXoEaqgDzqPlbj0\n9ZVZTie1lNiLL0Sq8jwbl7GuxhrKAhu4275vmLZnK6ltb1kdpCvXn4VBvJPZHoX2\npNKziKsIykGIkjM/gDIge2aDEV33GPmq48w8fBkf165/cCJ0mgBm2ym4+Vqxu2Xe\ns5O77rWPAgMBAAECggEAKMI+4oHWZSW+Dvj/Q5aoFGRXpwOr4q8aA5f6IHlCDDxS\nYw/EAZkRkXjqQaUn/kncKxVG1fxEjaHFaMA8jIQ5uirVVIHfAW3+GUeKsDsXKEyL\nuH0sjwea4G4If738tCV42vvdjly+sp1t9t1sXG4w206HxnEENsV6e/ocALjfbpSA\nR8vLMn2S/FtvW5pCuCwjbmccWAO/W9flEGoeVizMJod5SZJ6wF4v2BLrobWYRroo\nBy1qAPeH+AG2K0rMDSdHDUai+j54z4amArEY1aPL+tPBh5wE7881XexBK0aN+tqg\nH77GDdrKkIc6YRBdp0rU3ygVUM3SVTxnxkX0WTiTUQKBgQDd9kvfecSLRc+mPP2s\nkXdnJnDMPY5zuCmZPR11mNyM4CxGEWMTzkHYm2Sg6Ohg2WODnwniHMLjmywuWT4M\nLZ9wk98YV0Ba/rA+dUcgSe32kO1ijZcBpWc4O2rGnS2JFGOmVoNec5I4gxqiEYTh\nHs7HfgvRIG4tlhoh9qMrgqZTpQKBgQDLMdW3r+KgHa8VPwz/z4nbUuz4eAu+xxdI\nIkv4tdI+wggZKUNsJT3xda883TabCUNn9UH8f6dxe8TjpLS9OBeSKKyqoVFiufRZ\nPrjHZ3dbCdC1UhQBJZfkgAkcChg4JD40/8Vmg5KCx91Q6EAJQE8NYcDIqLMa9NE7\nwb3DyNFOIwKBgQDA1d77C0ZXHVKXAXv+Ne7/faUXvA8LuB7j0/XJGgHanlO4mBh0\nt4f7UJ2vMknZAmRzkHM8r3Id3c0Xg07ls6lGXCHBeuQdahHiYW9mvPPxd93U9mAP\n/QxdDTnpzdomssEUXSsKnuuVD0nPLds83dAV/wrzJ/Kwxixz/1upTHuGRQKBgQCI\nbe6ERdkRDr02s73jqJJ0K2qmrduc/YoZScXeuR3wO1E6q6T0YNEFZbICWLlIQWD7\n1QW4JnHj1WluO3GLNrVE0oCUlHnTou14Wo+wezz9aEq04+ZAmuAwcPMs225Fi7gk\n17LP0Pm3S8DCiR4t1/r8Di1lzTdsmwI9cCkc4qH+JwKBgAf9dj1w1Anmx0OERhld\nRvNShyaSHgSqLBCFEHnz63UhkMJGSp7ZMMLdXRavixwVeRdplilCvSqALtyy0OKu\nWBPj5Glv09obvQutnbP1OFImLLIbtAnilYdZtbUbDGesob4Ms6JPC0Ga8sPhyHbE\nzTsXHRyluLaOuwC0AClHeyL8\n-----END PRIVATE KEY-----\n",
            "public_key_fingerprint_md5": "0d:87:7d:1a:87:f1:b1:82:31:3c:f9:0f:b4:4e:9e:82",
            "public_key_fingerprint_sha256": "SHA256:x0hbhD5wFWSP4a2Jm7yU2SISM5vz6JR5V/2nPJ4/jsw",
            "public_key_openssh": "ssh-rsa AAAAB3NzaC1yc2EAAAADAQABAAABAQCwLYOb7AYyQAMNHrvDc5Wc3MeyY2VybL8tDBWemdMuM6SLTFXLm/aWconjBD+tosXD2UQZT7P8MIsIxhvWi5HjGn/409suLbb63HDrIJOPAVE7JNv46U5PXyRUzR5CSnFnG5kcXuhiif0IiHrQZUKVUIXOx1jowxGeN1ALsuADC2aR7fmaYr7SQ2VkXQpdRWXoEaqgDzqPlbj09ZVZTie1lNiLL0Sq8jwbl7GuxhrKAhu4275vmLZnK6ltb1kdpCvXn4VBvJPZHoX2pNKziKsIykGIkjM/gDIge2aDEV33GPmq48w8fBkf165/cCJ0mgBm2ym4+Vqxu2Xes5O77rWP\n",
            "public_key_pem": "-----BEGIN PUBLIC KEY-----\nMIIBIjANBgkqhkiG9w0BAQEFAAOCAQ8AMIIBCgKCAQEAsC2Dm+wGMkADDR67w3OV\nnNzHsmNlcmy/LQwVnpnTLjOki0xVy5v2lnKJ4wQ/raLFw9lEGU+z/DCLCMYb1ouR\n4xp/+NPbLi22+txw6yCTjwFROyTb+OlOT18kVM0eQkpxZxuZHF7oYon9CIh60GVC\nlVCFzsdY6MMRnjdQC7LgAwtmke35mmK+0kNlZF0KXUVl6BGqoA86j5W49PWVWU4n\ntZTYiy9EqvI8G5exrsYaygIbuNu+b5i2ZyupbW9ZHaQr15+FQbyT2R6F9qTSs4ir\nCMpBiJIzP4AyIHtmgxFd9xj5quPMPHwZH9euf3AidJoAZtspuPlasbtl3rOTu+61\njwIDAQAB\n-----END PUBLIC KEY-----\n",
            "rsa_bits": 2048
          },
          "sensitive_attributes": [
            [
              {
                "type": "get_attr",
                "value": "private_key_openssh"
              }
            ],
            [
              {
                "type": "get_attr",
                "value": "private_key_pem"
              }
            ],
            [
              {
                "type": "get_attr",
                "value": "private_key_pem_pkcs8"
              }
            ]
          ],
          "identity_schema_version": 0
        }
      ]
    }
  ],
  "check_results": null
}
